github.com/davecgh/go-spew v1.1.0/go.mod h1:J7Y8YcW2NihsgmVo/mv3lAwl/skON4iLHjSsI+c5H38=
github.com/davecgh/go-spew v1.1.1 h1:vj9j/u1bqnvCEfJOwUhtlOARqs3+rkHYY13jYWTU97c=
github.com/davecgh/go-spew v1.1.1/go.mod h1:J7Y8YcW2NihsgmVo/mv3lAwl/skON4iLHjSsI+c5H38=
github.com/dustin/go-humanize v1.0.0 h1:VSnTsYCnlFHaM2/igO1h6X3HA71jcobQuxemgkq4zYo=
github.com/dustin/go-humanize v1.0.0/go.mod h1:HtrtbFcZ19U5GC7JDqmcUSB87Iq5E25KnS6fMYU6eOk=
github.com/kelindar/async v1.0.0 h1:oJiFAt3fVB/b5zVZKPBU+pP9lR3JVyeox9pYlpdnIK8=
github.com/kelindar/async v1.0.0/go.mod h1:bJRlwaRiqdHi+4dpVDNHdwgyRyk6TxpA21fByLf7hIY=
github.com/kelindar/bitmap v1.1.5 h1:cqXplFOOwJX/HRu+GZBcz03wo2LZftVUMsuAjW/3/rQ=
github.com/kelindar/bitmap v1.1.5/go.mod h1:URwjvM6WXldcKN7/D3FLHy0LSkEdg3rE7VjdN1DcI9E=
github.com/kelindar/genny v1.0.0 h1:DHxPqSgAYGexZ8t3qGW7ClA4xydSdMnasug04PBqXnM=
github.com/kelindar/genny v1.0.0/go.mod h1:kwqAdELXJlielo7wYksvQKrqehL7NBPLPDsORuK6W8k=
github.com/kelindar/intmap v1.1.0 h1:S+YEDvw5FQus5UJDEG+xsLp8il3BTYqBMkkuVVZPMH8=
github.com/kelindar/intmap v1.1.0/go.mod h1:tDanawPWq1B0HC+X3W8Z6IKNrJqxjruy6CdyTlf6Nic=
github.com/kelindar/iostream v1.3.0 h1:Bz2qQabipZlF1XCk64bnxsGLete+iHtayGPeWVpbwbo=
github.com/kelindar/iostream v1.3.0/go.mod h1:MkjMuVb6zGdPQVdwLnFRO0xOTOdDvBWTztFmjRDQkXk=
github.com/kelindar/smutex v1.0.0 h1:+LIZYwPz+v3IWPOse764fNaVQGMVxKV6mbD6OWjQV3o=
github.com/kelindar/smutex v1.0.0/go.mod h1:nMbCZeAHWCsY9Kt4JqX7ETd+NJeR6Swy9im+Th+qUZQ=
github.com/kelindar/xxrand v1.0.1 h1:TG9Ix5h3ulBXVWwRUF8ePXl65FjIj48CzsgZw0nHvfY=
github.com/kelindar/xxrand v1.0.1/go.mod h1:tb7XX0TvlKSIsCqkVUs7GAWdkeab3Ln2vWWxHEADDuA=
github.com/klauspost/compress v1.13.6 h1:P76CopJELS0TiO2mebmnzgWaajssP/EszplttgQxcgc=
github.com/klauspost/compress v1.13.6/go.mod h1:/3/Vjq9QcHkK5uEr5lBEmyoZ1iFhe47etQ6QUkpK6sk=
github.com/klauspost/cpuid/v2 v2.0.6/go.mod h1:FInQzS24/EEf25PyTYn52gqo7WaD8xa0213Md/qVLRg=
github.com/klauspost/cpuid/v2 v2.0.9 h1:lgaqFMSdTdQYdZ04uHyN2d/eKdOMyi2YLSvlQIBFYa4=
github.com/klauspost/cpuid/v2 v2.0.9/go.mod h1:FInQzS24/EEf25PyTYn52gqo7WaD8xa0213Md/qVLRg=
github.com/pmezard/go-difflib v1.0.0 h1:4DBwDE0NGyQoBHbLQYPwSUPoCMWR5BEzIk/f1lZbAQM=
github.com/pmezard/go-difflib v1.0.0/go.mod h1:iKH77koFhYxTK1pcRnkKkqfTogsbg7gZNVY4sRDYZ/4=
github.com/stretchr/objx v0.1.0/go.mod h1:HFkY916IF+rwdDfMAkV7OtwuqBVzrE8GR6GFx+wExME=
github.com/stretchr/testify v1.3.0/go.mod h1:M5WIy9Dh21IEIfnGCwXGc5bZfKNJtfHm1UVUgZn+9EI=
github.com/stretchr/testify v1.7.0 h1:nwc3DEeHmmLAfoZucVR881uASk0Mfjw8xYJ99tb5CcY=
github.com/stretchr/testify v1.7.0/go.mod h1:6Fq8oRcR53rry900zMqJjRRixrwX3KX962/h/Wwjteg=
github.com/zeebo/xxh3 v1.0.1 h1:FMSRIbkrLikb/0hZxmltpg84VkqDAT5M8ufXynuhXsI=
github.com/zeebo/xxh3 v1.0.1/go.mod h1:8VHV24/3AZLn3b6Mlp/KuC33LWH687Wq6EnziEB+rsA=
golang.org/x/crypto v0.0.0-20190308221718-c2843e01d9a2/go.mod h1:djNgcEr1/C05ACkg1iLfiJU5Ep61QUkGW8qpdssI0+w=
golang.org/x/net v0.0.0-20190311183353-d8887717615a/go.mod h1:t9HGtf8HONx5eT2rtn7q6eTqICYqUVnKs3thJo3Qplg=
golang.org/x/sys v0.0.0-20190215142949-d0b11bdaac8a/go.mod h1:STP8DvDyc/dI5b8T5hshtkjS+E42TnysNCUPdjciGhY=
golang.org/x/text v0.3.0/go.mod h1:NqM8EUOU14njkJ3fqMW+pc6Ldnwhi/IjpwHt7yyuwOQ=
golang.org/x/time v0.0.0-20210220033141-f8bda1e9f3ba/go.mod h1:tRJNPiyCQ0inRvYxbN9jk5I+vvW/OXSQhTDSoE431IQ=
golang.org/x/time v0.0.0-20210723032227-1f47c861a9ac h1:7zkz7BUtwNFFqcowJ+RIgu2MaV/MapERkDIy+mwPyjs=
golang.org/x/time v0.0.0-20210723032227-1f47c861a9ac/go.mod h1:tRJNPiyCQ0inRvYxbN9jk5I+vvW/OXSQhTDSoE431IQ=
golang.org/x/tools v0.0.0-20190319232107-3f1ed9edd1b4/go.mod h1:LCzVGOaR6xXOjkQ3onu1FJEFr0SW1gC7cKk1uF8kGRs=
gopkg.in/check.v1 v0.0.0-20161208181325-20d25e280405 h1:yhCVgyC4o1eVCa2tZl7eS0r+SDo693bJlVdllGtEeKM=
gopkg.in/check.v1 v0.0.0-20161208181325-20d25e280405/go.mod h1:Co6ibVJAznAaIkqp8huTwlJQCZ016jof/cbN4VW5Yz0=
gopkg.in/yaml.v3 v3.0.0-20200313102051-9f266ea9e77c/go.mod h1:K4uyk7z7BCEPqu6E+C64Yfv1cQ7kz7rIZviUmN+EgEM=
gopkg.in/yaml.v3 v3.0.0-20210107192922-496545a6307b h1:h8qDotaEPuJATrMmW04NCwg7v22aHH28wwpauUhK9Oo=
gopkg.in/yaml.v3 v3.0.0-20210107192922-496545a6307b/go.mod h1:K4uyk7z7BCEPqu6E+C64Yfv1cQ7kz7rIZviUmN+EgEM=
